
Microsoft Visual Studio Solution File, Format Version 12.00
# Visual Studio Version 16
VisualStudioVersion = 16.0.31205.134
MinimumVisualStudioVersion = 10.0.40219.1
Project("{FAE04EC0-301F-11D3-BF4B-00C04F79EFBC}") = "RPGConsole", "RPGConsole\RPGConsole.csproj", "{3CA66696-20C8-40B8-B379-CF7772C092AD}"
EndProject
Global
	GlobalSection(SolutionConfigurationPlatforms) = preSolution
		Debug|Any CPU = Debug|Any CPU
		Release|Any CPU = Release|Any CPU
	EndGlobalSection
	GlobalSection(ProjectConfigurationPlatforms) = postSolution
		{3CA66696-20C8-40B8-B379-CF7772C092AD}.Debug|Any CPU.ActiveCfg = Debug|Any CPU
		{3CA66696-20C8-40B8-B379-CF7772C092AD}.Debug|Any CPU.Build.0 = Debug|Any CPU
		{3CA66696-20C8-40B8-B379-CF7772C092AD}.Release|Any CPU.ActiveCfg = Release|Any CPU
		{3CA66696-20C8-40B8-B379-CF7772C092AD}.Release|Any CPU.Build.0 = Release|Any CPU
	EndGlobalSection
	GlobalSection(SolutionProperties) = preSolution
		HideSolutionNode = FALSE
	EndGlobalSection
	GlobalSection(ExtensibilityGlobals) = postSolution
		SolutionGuid = {976126F9-6AD5-4CF3-9D7A-811C416AD40F}
	EndGlobalSection
EndGlobal
